<Solution>
  <Project Path="GDUTSharp.Extra/GDUTSharp.Extra.csproj" />
  <Project Path="GDUTSharp.Shared/GDUTSharp.Shared.shproj" Id="52f5c502-4662-4b7f-add8-71132dcc34f5" />
  <Project Path="GDUTSharp.SourceGen/GDUTSharp.SourceGen.csproj" Id="4a5c6f24-c040-492e-b49d-8e0e3048725b" />
  <Project Path="GDUTSharp.Test/GDUTSharp.Test.csproj" Id="dc81b6da-32af-4260-8da5-6ad85ae69a14" />
  <Project Path="GDUTSharp/GDUTSharp.csproj" />
</Solution>
